# Generated by buf. DO NOT EDIT.
version: v1
deps:
  - remote: buf.build
    owner: googleapis
    repository: googleapis
    branch: main
    commit: 9c2bb39f7abf42ae858d0e3045f4a63f
    digest: b1-8M_7JVkwYioGO8NUsitQtlsBNx-pxoHcZBis0P0h6Bs=
    create_time: 2021-10-05T15:15:42.243478Z
  - remote: buf.build
    owner: grpc-ecosystem
    repository: grpc-gateway
    branch: main
    commit: de24a84aed3d4d84806740946b55d947
    digest: b1-Q-mEW3P3NR5UL8gm0pr3YWFSo5DAtrBqqgvkwH2WFWw=
    create_time: 2021-09-08T00:32:28.231758Z
